
Microsoft Visual Studio Solution File, Format Version 12.00
# Visual Studio 14
VisualStudioVersion = 14.0.25420.1
MinimumVisualStudioVersion = 10.0.40219.1
Project("{FAE04EC0-301F-11D3-BF4B-00C04F79EFBC}") = "Nigh", "Nigh\Nigh.csproj", "{FAC8D95C-FC90-4275-94DD-1D0036EE521A}"
EndProject
Project("{FAE04EC0-301F-11D3-BF4B-00C04F79EFBC}") = "Nigh.Tests", "Nigh.Tests\Nigh.Tests.csproj", "{B8477D77-4C36-4C12-AFBD-C3AA5FE318BB}"
EndProject
Global
	GlobalSection(SolutionConfigurationPlatforms) = preSolution
		Debug|Any CPU = Debug|Any CPU
		Release|Any CPU = Release|Any CPU
	EndGlobalSection
	GlobalSection(ProjectConfigurationPlatforms) = postSolution
		{FAC8D95C-FC90-4275-94DD-1D0036EE521A}.Debug|Any CPU.ActiveCfg = Debug|Any CPU
		{FAC8D95C-FC90-4275-94DD-1D0036EE521A}.Debug|Any CPU.Build.0 = Debug|Any CPU
		{FAC8D95C-FC90-4275-94DD-1D0036EE521A}.Release|Any CPU.ActiveCfg = Release|Any CPU
		{FAC8D95C-FC90-4275-94DD-1D0036EE521A}.Release|Any CPU.Build.0 = Release|Any CPU
		{B8477D77-4C36-4C12-AFBD-C3AA5FE318BB}.Debug|Any CPU.ActiveCfg = Debug|Any CPU
		{B8477D77-4C36-4C12-AFBD-C3AA5FE318BB}.Debug|Any CPU.Build.0 = Debug|Any CPU
		{B8477D77-4C36-4C12-AFBD-C3AA5FE318BB}.Release|Any CPU.ActiveCfg = Release|Any CPU
		{B8477D77-4C36-4C12-AFBD-C3AA5FE318BB}.Release|Any CPU.Build.0 = Release|Any CPU
	EndGlobalSection
	GlobalSection(SolutionProperties) = preSolution
		HideSolutionNode = FALSE
	EndGlobalSection
EndGlobal
